// !$*UTF8*$!
{
	archiveVersion = 1;
	classes = {
	};
	objectVersion = 56;
	objects = {

/* Begin PBXBuildFile section */
		53BDE2842B8060080078E363 /* SampleToDoAppApp.swift in Sources */ = {isa = PBXBuildFile; fileRef = 53BDE2832B8060080078E363 /* SampleToDoAppApp.swift */; };
		53BDE2862B8060080078E363 /* ContentView.swift in Sources */ = {isa = PBXBuildFile; fileRef = 53BDE2852B8060080078E363 /* ContentView.swift */; };
		53BDE2882B8060080078E363 /* Item.swift in Sources */ = {isa = PBXBuildFile; fileRef = 53BDE2872B8060080078E363 /* Item.swift */; };
		53BDE28A2B80600A0078E363 /* Assets.xcassets in Resources */ = {isa = PBXBuildFile; fileRef = 53BDE2892B80600A0078E363 /* Assets.xcassets */; };
		53BDE28E2B80600A0078E363 /* Preview Assets.xcassets in Resources */ = {isa = PBXBuildFile; fileRef = 53BDE28D2B80600A0078E363 /* Preview Assets.xcassets */; };
		53BDE2982B80600A0078E363 /* SampleToDoAppTests.swift in Sources */ = {isa = PBXBuildFile; fileRef = 53BDE2972B80600A0078E363 /* SampleToDoAppTests.swift */; };
		53BDE2A22B80600A0078E363 /* SampleToDoAppUITests.swift in Sources */ = {isa = PBXBuildFile; fileRef = 53BDE2A12B80600A0078E363 /* SampleToDoAppUITests.swift */; };
		53BDE2A42B80600A0078E363 /* SampleToDoAppUITestsLaunchTests.swift in Sources */ = {isa = PBXBuildFile; fileRef = 53BDE2A32B80600A0078E363 /* SampleToDoAppUITestsLaunchTests.swift */; };
/* End PBXBuildFile section */

/* Begin PBXContainerItemProxy section */
		53BDE2942B80600A0078E363 /* PBXContainerItemProxy */ = {
			isa = PBXContainerItemProxy;
			containerPortal = 53BDE2782B8060080078E363 /* Project object */;
			proxyType = 1;
			remoteGlobalIDString = 53BDE27F2B8060080078E363;
			remoteInfo = SampleToDoApp;
		};
		53BDE29E2B80600A0078E363 /* PBXContainerItemProxy */ = {
			isa = PBXContainerItemProxy;
			containerPortal = 53BDE2782B8060080078E363 /* Project object */;
			proxyType = 1;
			remoteGlobalIDString = 53BDE27F2B8060080078E363;
			remoteInfo = SampleToDoApp;
		};
/* End PBXContainerItemProxy section */

/* Begin PBXFileReference section */
		53BDE2802B8060080078E363 /* SampleToDoApp.app */ = {isa = PBXFileReference; explicitFileType = wrapper.application; includeInIndex = 0; path = SampleToDoApp.app; sourceTree = BUILT_PRODUCTS_DIR; };
		53BDE2832B8060080078E363 /* SampleToDoAppApp.swift */ = {isa = PBXFileReference; lastKnownFileType = sourcecode.swift; path = SampleToDoAppApp.swift; sourceTree = "<group>"; };
		53BDE2852B8060080078E363 /* ContentView.swift */ = {isa = PBXFileReference; lastKnownFileType = sourcecode.swift; path = ContentView.swift; sourceTree = "<group>"; };
		53BDE2872B8060080078E363 /* Item.swift */ = {isa = PBXFileReference; lastKnownFileType = sourcecode.swift; path = Item.swift; sourceTree = "<group>"; };
		53BDE2892B80600A0078E363 /* Assets.xcassets */ = {isa = PBXFileReference; lastKnownFileType = folder.assetcatalog; path = Assets.xcassets; sourceTree = "<group>"; };
		53BDE28B2B80600A0078E363 /* SampleToDoApp.entitlements */ = {isa = PBXFileReference; lastKnownFileType = text.plist.entitlements; path = SampleToDoApp.entitlements; sourceTree = "<group>"; };
		53BDE28D2B80600A0078E363 /* Preview Assets.xcassets */ = {isa = PBXFileReference; lastKnownFileType = folder.assetcatalog; path = "Preview Assets.xcassets"; sourceTree = "<group>"; };
		53BDE2932B80600A0078E363 /* SampleToDoAppTests.xctest */ = {isa = PBXFileReference; explicitFileType = wrapper.cfbundle; includeInIndex = 0; path = SampleToDoAppTests.xctest; sourceTree = BUILT_PRODUCTS_DIR; };
		53BDE2972B80600A0078E363 /* SampleToDoAppTests.swift */ = {isa = PBXFileReference; lastKnownFileType = sourcecode.swift; path = SampleToDoAppTests.swift; sourceTree = "<group>"; };
		53BDE29D2B80600A0078E363 /* SampleToDoAppUITests.xctest */ = {isa = PBXFileReference; explicitFileType = wrapper.cfbundle; includeInIndex = 0; path = SampleToDoAppUITests.xctest; sourceTree = BUILT_PRODUCTS_DIR; };
		53BDE2A12B80600A0078E363 /* SampleToDoAppUITests.swift */ = {isa = PBXFileReference; lastKnownFileType = sourcecode.swift; path = SampleToDoAppUITests.swift; sourceTree = "<group>"; };
		53BDE2A32B80600A0078E363 /* SampleToDoAppUITestsLaunchTests.swift */ = {isa = PBXFileReference; lastKnownFileType = sourcecode.swift; path = SampleToDoAppUITestsLaunchTests.swift; sourceTree = "<group>"; };
/* End PBXFileReference section */

/* Begin PBXFrameworksBuildPhase section */
		53BDE27D2B8060080078E363 /* Frameworks */ = {
			isa = PBXFrameworksBuildPhase;
			buildActionMask = 2147483647;
			files = (
			);
			runOnlyForDeploymentPostprocessing = 0;
		};
		53BDE2902B80600A0078E363 /* Frameworks */ = {
			isa = PBXFrameworksBuildPhase;
			buildActionMask = 2147483647;
			files = (
			);
			runOnlyForDeploymentPostprocessing = 0;
		};
		53BDE29A2B80600A0078E363 /* Frameworks */ = {
			isa = PBXFrameworksBuildPhase;
			buildActionMask = 2147483647;
			files = (
			);
			runOnlyForDeploymentPostprocessing = 0;
		};
/* End PBXFrameworksBuildPhase section */

/* Begin PBXGroup section */
		53BDE2772B8060080078E363 = {
			isa = PBXGroup;
			children = (
				53BDE2822B8060080078E363 /* SampleToDoApp */,
				53BDE2962B80600A0078E363 /* SampleToDoAppTests */,
				53BDE2A02B80600A0078E363 /* SampleToDoAppUITests */,
				53BDE2812B8060080078E363 /* Products */,
			);
			sourceTree = "<group>";
		};
		53BDE2812B8060080078E363 /* Products */ = {
			isa = PBXGroup;
			children = (
				53BDE2802B8060080078E363 /* SampleToDoApp.app */,
				53BDE2932B80600A0078E363 /* SampleToDoAppTests.xctest */,
				53BDE29D2B80600A0078E363 /* SampleToDoAppUITests.xctest */,
			);
			name = Products;
			sourceTree = "<group>";
		};
		53BDE2822B8060080078E363 /* SampleToDoApp */ = {
			isa = PBXGroup;
			children = (
				53BDE2832B8060080078E363 /* SampleToDoAppApp.swift */,
				53BDE2852B8060080078E363 /* ContentView.swift */,
				53BDE2872B8060080078E363 /* Item.swift */,
				53BDE2892B80600A0078E363 /* Assets.xcassets */,
				53BDE28B2B80600A0078E363 /* SampleToDoApp.entitlements */,
				53BDE28C2B80600A0078E363 /* Preview Content */,
			);
			path = SampleToDoApp;
			sourceTree = "<group>";
		};
		53BDE28C2B80600A0078E363 /* Preview Content */ = {
			isa = PBXGroup;
			children = (
				53BDE28D2B80600A0078E363 /* Preview Assets.xcassets */,
			);
			path = "Preview Content";
			sourceTree = "<group>";
		};
		53BDE2962B80600A0078E363 /* SampleToDoAppTests */ = {
			isa = PBXGroup;
			children = (
				53BDE2972B80600A0078E363 /* SampleToDoAppTests.swift */,
			);
			path = SampleToDoAppTests;
			sourceTree = "<group>";
		};
		53BDE2A02B80600A0078E363 /* SampleToDoAppUITests */ = {
			isa = PBXGroup;
			children = (
				53BDE2A12B80600A0078E363 /* SampleToDoAppUITests.swift */,
				53BDE2A32B80600A0078E363 /* SampleToDoAppUITestsLaunchTests.swift */,
			);
			path = SampleToDoAppUITests;
			sourceTree = "<group>";
		};
/* End PBXGroup section */

/* Begin PBXNativeTarget section */
		53BDE27F2B8060080078E363 /* SampleToDoApp */ = {
			isa = PBXNativeTarget;
			buildConfigurationList = 53BDE2A72B80600A0078E363 /* Build configuration list for PBXNativeTarget "SampleToDoApp" */;
			buildPhases = (
				53BDE27C2B8060080078E363 /* Sources */,
				53BDE27D2B8060080078E363 /* Frameworks */,
				53BDE27E2B8060080078E363 /* Resources */,
			);
			buildRules = (
			);
			dependencies = (
			);
			name = SampleToDoApp;
			productName = SampleToDoApp;
			productReference = 53BDE2802B8060080078E363 /* SampleToDoApp.app */;
			productType = "com.apple.product-type.application";
		};
		53BDE2922B80600A0078E363 /* SampleToDoAppTests */ = {
			isa = PBXNativeTarget;
			buildConfigurationList = 53BDE2AA2B80600A0078E363 /* Build configuration list for PBXNativeTarget "SampleToDoAppTests" */;
			buildPhases = (
				53BDE28F2B80600A0078E363 /* Sources */,
				53BDE2902B80600A0078E363 /* Frameworks */,
				53BDE2912B80600A0078E363 /* Resources */,
			);
			buildRules = (
			);
			dependencies = (
				53BDE2952B80600A0078E363 /* PBXTargetDependency */,
			);
			name = SampleToDoAppTests;
			productName = SampleToDoAppTests;
			productReference = 53BDE2932B80600A0078E363 /* SampleToDoAppTests.xctest */;
			productType = "com.apple.product-type.bundle.unit-test";
		};
		53BDE29C2B80600A0078E363 /* SampleToDoAppUITests */ = {
			isa = PBXNativeTarget;
			buildConfigurationList = 53BDE2AD2B80600A0078E363 /* Build configuration list for PBXNativeTarget "SampleToDoAppUITests" */;
			buildPhases = (
				53BDE2992B80600A0078E363 /* Sources */,
				53BDE29A2B80600A0078E363 /* Frameworks */,
				53BDE29B2B80600A0078E363 /* Resources */,
			);
			buildRules = (
			);
			dependencies = (
				53BDE29F2B80600A0078E363 /* PBXTargetDependency */,
			);
			name = SampleToDoAppUITests;
			productName = SampleToDoAppUITests;
			productReference = 53BDE29D2B80600A0078E363 /* SampleToDoAppUITests.xctest */;
			productType = "com.apple.product-type.bundle.ui-testing";
		};
/* End PBXNativeTarget section */

/* Begin PBXProject section */
		53BDE2782B8060080078E363 /* Project object */ = {
			isa = PBXProject;
			attributes = {
				BuildIndependentTargetsInParallel = 1;
				LastSwiftUpdateCheck = 1510;
				LastUpgradeCheck = 1510;
				TargetAttributes = {
					53BDE27F2B8060080078E363 = {
						CreatedOnToolsVersion = 15.1;
					};
					53BDE2922B80600A0078E363 = {
						CreatedOnToolsVersion = 15.1;
						TestTargetID = 53BDE27F2B8060080078E363;
					};
					53BDE29C2B80600A0078E363 = {
						CreatedOnToolsVersion = 15.1;
						TestTargetID = 53BDE27F2B8060080078E363;
					};
				};
			};
			buildConfigurationList = 53BDE27B2B8060080078E363 /* Build configuration list for PBXProject "SampleToDoApp" */;
			compatibilityVersion = "Xcode 14.0";
			developmentRegion = en;
			hasScannedForEncodings = 0;
			knownRegions = (
				en,
				Base,
			);
			mainGroup = 53BDE2772B8060080078E363;
			productRefGroup = 53BDE2812B8060080078E363 /* Products */;
			projectDirPath = "";
			projectRoot = "";
			targets = (
				53BDE27F2B8060080078E363 /* SampleToDoApp */,
				53BDE2922B80600A0078E363 /* SampleToDoAppTests */,
				53BDE29C2B80600A0078E363 /* SampleToDoAppUITests */,
			);
		};
/* End PBXProject section */

/* Begin PBXResourcesBuildPhase section */
		53BDE27E2B8060080078E363 /* Resources */ = {
			isa = PBXResourcesBuildPhase;
			buildActionMask = 2147483647;
			files = (
				53BDE28E2B80600A0078E363 /* Preview Assets.xcassets in Resources */,
				53BDE28A2B80600A0078E363 /* Assets.xcassets in Resources */,
			);
			runOnlyForDeploymentPostprocessing = 0;
		};
		53BDE2912B80600A0078E363 /* Resources */ = {
			isa = PBXResourcesBuildPhase;
			buildActionMask = 2147483647;
			files = (
			);
			runOnlyForDeploymentPostprocessing = 0;
		};
		53BDE29B2B80600A0078E363 /* Resources */ = {
			isa = PBXResourcesBuildPhase;
			buildActionMask = 2147483647;
			files = (
			);
			runOnlyForDeploymentPostprocessing = 0;
		};
/* End PBXResourcesBuildPhase section */

/* Begin PBXSourcesBuildPhase section */
		53BDE27C2B8060080078E363 /* Sources */ = {
			isa = PBXSourcesBuildPhase;
			buildActionMask = 2147483647;
			files = (
				53BDE2862B8060080078E363 /* ContentView.swift in Sources */,
				53BDE2882B8060080078E363 /* Item.swift in Sources */,
				53BDE2842B8060080078E363 /* SampleToDoAppApp.swift in Sources */,
			);
			runOnlyForDeploymentPostprocessing = 0;
		};
		53BDE28F2B80600A0078E363 /* Sources */ = {
			isa = PBXSourcesBuildPhase;
			buildActionMask = 2147483647;
			files = (
				53BDE2982B80600A0078E363 /* SampleToDoAppTests.swift in Sources */,
			);
			runOnlyForDeploymentPostprocessing = 0;
		};
		53BDE2992B80600A0078E363 /* Sources */ = {
			isa = PBXSourcesBuildPhase;
			buildActionMask = 2147483647;
			files = (
				53BDE2A42B80600A0078E363 /* SampleToDoAppUITestsLaunchTests.swift in Sources */,
				53BDE2A22B80600A0078E363 /* SampleToDoAppUITests.swift in Sources */,
			);
			runOnlyForDeploymentPostprocessing = 0;
		};
/* End PBXSourcesBuildPhase section */

/* Begin PBXTargetDependency section */
		53BDE2952B80600A0078E363 /* PBXTargetDependency */ = {
			isa = PBXTargetDependency;
			target = 53BDE27F2B8060080078E363 /* SampleToDoApp */;
			targetProxy = 53BDE2942B80600A0078E363 /* PBXContainerItemProxy */;
		};
		53BDE29F2B80600A0078E363 /* PBXTargetDependency */ = {
			isa = PBXTargetDependency;
			target = 53BDE27F2B8060080078E363 /* SampleToDoApp */;
			targetProxy = 53BDE29E2B80600A0078E363 /* PBXContainerItemProxy */;
		};
/* End PBXTargetDependency section */

/* Begin XCBuildConfiguration section */
		53BDE2A52B80600A0078E363 /* Debug */ = {
			isa = XCBuildConfiguration;
			buildSettings = {
				ALWAYS_SEARCH_USER_PATHS = NO;
				ASSETCATALOG_COMPILER_GENERATE_SWIFT_ASSET_SYMBOL_EXTENSIONS = YES;
				CLANG_ANALYZER_NONNULL = YES;
				CLANG_ANALYZER_NUMBER_OBJECT_CONVERSION = YES_AGGRESSIVE;
				CLANG_CXX_LANGUAGE_STANDARD = "gnu++20";
				CLANG_ENABLE_MODULES = YES;
				CLANG_ENABLE_OBJC_ARC = YES;
				CLANG_ENABLE_OBJC_WEAK = YES;
				CLANG_WARN_BLOCK_CAPTURE_AUTORELEASING = YES;
				CLANG_WARN_BOOL_CONVERSION = YES;
				CLANG_WARN_COMMA = YES;
				CLANG_WARN_CONSTANT_CONVERSION = YES;
				CLANG_WARN_DEPRECATED_OBJC_IMPLEMENTATIONS = YES;
				CLANG_WARN_DIRECT_OBJC_ISA_USAGE = YES_ERROR;
				CLANG_WARN_DOCUMENTATION_COMMENTS = YES;
				CLANG_WARN_EMPTY_BODY = YES;
				CLANG_WARN_ENUM_CONVERSION = YES;
				CLANG_WARN_INFINITE_RECURSION = YES;
				CLANG_WARN_INT_CONVERSION = YES;
				CLANG_WARN_NON_LITERAL_NULL_CONVERSION = YES;
				CLANG_WARN_OBJC_IMPLICIT_RETAIN_SELF = YES;
				CLANG_WARN_OBJC_LITERAL_CONVERSION = YES;
				CLANG_WARN_OBJC_ROOT_CLASS = YES_ERROR;
				CLANG_WARN_QUOTED_INCLUDE_IN_FRAMEWORK_HEADER = YES;
				CLANG_WARN_RANGE_LOOP_ANALYSIS = YES;
				CLANG_WARN_STRICT_PROTOTYPES = YES;
				CLANG_WARN_SUSPICIOUS_MOVE = YES;
				CLANG_WARN_UNGUARDED_AVAILABILITY = YES_AGGRESSIVE;
				CLANG_WARN_UNREACHABLE_CODE = YES;
				CLANG_WARN__DUPLICATE_METHOD_MATCH = YES;
				COPY_PHASE_STRIP = NO;
				DEBUG_INFORMATION_FORMAT = dwarf;
				ENABLE_STRICT_OBJC_MSGSEND = YES;
				ENABLE_TESTABILITY = YES;
				ENABLE_USER_SCRIPT_SANDBOXING = YES;
				GCC_C_LANGUAGE_STANDARD = gnu17;
				GCC_DYNAMIC_NO_PIC = NO;
				GCC_NO_COMMON_BLOCKS = YES;
				GCC_OPTIMIZATION_LEVEL = 0;
				GCC_PREPROCESSOR_DEFINITIONS = (
					"DEBUG=1",
					"$(inherited)",
				);
				GCC_WARN_64_TO_32_BIT_CONVERSION = YES;
				GCC_WARN_ABOUT_RETURN_TYPE = YES_ERROR;
				GCC_WARN_UNDECLARED_SELECTOR = YES;
				GCC_WARN_UNINITIALIZED_AUTOS = YES_AGGRESSIVE;
				GCC_WARN_UNUSED_FUNCTION = YES;
				GCC_WARN_UNUSED_VARIABLE = YES;
				LOCALIZATION_PREFERS_STRING_CATALOGS = YES;
				MTL_ENABLE_DEBUG_INFO = INCLUDE_SOURCE;
				MTL_FAST_MATH = YES;
				ONLY_ACTIVE_ARCH = YES;
				SWIFT_ACTIVE_COMPILATION_CONDITIONS = "DEBUG $(inherited)";
				SWIFT_OPTIMIZATION_LEVEL = "-Onone";
			};
			name = Debug;
		};
		53BDE2A62B80600A0078E363 /* Release */ = {
			isa = XCBuildConfiguration;
			buildSettings = {
				ALWAYS_SEARCH_USER_PATHS = NO;
				ASSETCATALOG_COMPILER_GENERATE_SWIFT_ASSET_SYMBOL_EXTENSIONS = YES;
				CLANG_ANALYZER_NONNULL = YES;
				CLANG_ANALYZER_NUMBER_OBJECT_CONVERSION = YES_AGGRESSIVE;
				CLANG_CXX_LANGUAGE_STANDARD = "gnu++20";
				CLANG_ENABLE_MODULES = YES;
				CLANG_ENABLE_OBJC_ARC = YES;
				CLANG_ENABLE_OBJC_WEAK = YES;
				CLANG_WARN_BLOCK_CAPTURE_AUTORELEASING = YES;
				CLANG_WARN_BOOL_CONVERSION = YES;
				CLANG_WARN_COMMA = YES;
				CLANG_WARN_CONSTANT_CONVERSION = YES;
				CLANG_WARN_DEPRECATED_OBJC_IMPLEMENTATIONS = YES;
				CLANG_WARN_DIRECT_OBJC_ISA_USAGE = YES_ERROR;
				CLANG_WARN_DOCUMENTATION_COMMENTS = YES;
				CLANG_WARN_EMPTY_BODY = YES;
				CLANG_WARN_ENUM_CONVERSION = YES;
				CLANG_WARN_INFINITE_RECURSION = YES;
				CLANG_WARN_INT_CONVERSION = YES;
				CLANG_WARN_NON_LITERAL_NULL_CONVERSION = YES;
				CLANG_WARN_OBJC_IMPLICIT_RETAIN_SELF = YES;
				CLANG_WARN_OBJC_LITERAL_CONVERSION = YES;
				CLANG_WARN_OBJC_ROOT_CLASS = YES_ERROR;
				CLANG_WARN_QUOTED_INCLUDE_IN_FRAMEWORK_HEADER = YES;
				CLANG_WARN_RANGE_LOOP_ANALYSIS = YES;
				CLANG_WARN_STRICT_PROTOTYPES = YES;
				CLANG_WARN_SUSPICIOUS_MOVE = YES;
				CLANG_WARN_UNGUARDED_AVAILABILITY = YES_AGGRESSIVE;
				CLANG_WARN_UNREACHABLE_CODE = YES;
				CLANG_WARN__DUPLICATE_METHOD_MATCH = YES;
				COPY_PHASE_STRIP = NO;
				DEBUG_INFORMATION_FORMAT = "dwarf-with-dsym";
				ENABLE_NS_ASSERTIONS = NO;
				ENABLE_STRICT_OBJC_MSGSEND = YES;
				ENABLE_USER_SCRIPT_SANDBOXING = YES;
				GCC_C_LANGUAGE_STANDARD = gnu17;
				GCC_NO_COMMON_BLOCKS = YES;
				GCC_WARN_64_TO_32_BIT_CONVERSION = YES;
				GCC_WARN_ABOUT_RETURN_TYPE = YES_ERROR;
				GCC_WARN_UNDECLARED_SELECTOR = YES;
				GCC_WARN_UNINITIALIZED_AUTOS = YES_AGGRESSIVE;
				GCC_WARN_UNUSED_FUNCTION = YES;
				GCC_WARN_UNUSED_VARIABLE = YES;
				LOCALIZATION_PREFERS_STRING_CATALOGS = YES;
				MTL_ENABLE_DEBUG_INFO = NO;
				MTL_FAST_MATH = YES;
				SWIFT_COMPILATION_MODE = wholemodule;
			};
			name = Release;
		};
		53BDE2A82B80600A0078E363 /* Debug */ = {
			isa = XCBuildConfiguration;
			buildSettings = {
				ASSETCATALOG_COMPILER_APPICON_NAME = AppIcon;
				ASSETCATALOG_COMPILER_GLOBAL_ACCENT_COLOR_NAME = AccentColor;
				CODE_SIGN_ENTITLEMENTS = SampleToDoApp/SampleToDoApp.entitlements;
				CODE_SIGN_STYLE = Automatic;
				CURRENT_PROJECT_VERSION = 1;
				DEVELOPMENT_ASSET_PATHS = "\"SampleToDoApp/Preview Content\"";
				DEVELOPMENT_TEAM = X5LBWH4CYQ;
				ENABLE_HARDENED_RUNTIME = YES;
				ENABLE_PREVIEWS = YES;
				GENERATE_INFOPLIST_FILE = YES;
				"INFOPLIST_KEY_UIApplicationSceneManifest_Generation[sdk=iphoneos*]" = YES;
				"INFOPLIST_KEY_UIApplicationSceneManifest_Generation[sdk=iphonesimulator*]" = YES;
				"INFOPLIST_KEY_UIApplicationSupportsIndirectInputEvents[sdk=iphoneos*]" = YES;
				"INFOPLIST_KEY_UIApplicationSupportsIndirectInputEvents[sdk=iphonesimulator*]" = YES;
				"INFOPLIST_KEY_UILaunchScreen_Generation[sdk=iphoneos*]" = YES;
				"INFOPLIST_KEY_UILaunchScreen_Generation[sdk=iphonesimulator*]" = YES;
				"INFOPLIST_KEY_UIStatusBarStyle[sdk=iphoneos*]" = UIStatusBarStyleDefault;
				"INFOPLIST_KEY_UIStatusBarStyle[sdk=iphonesimulator*]" = UIStatusBarStyleDefault;
				INFOPLIST_KEY_UISupportedInterfaceOrientations_iPad = "UIInterfaceOrientationPortrait UIInterfaceOrientationPortraitUpsideDown UIInterfaceOrientationLandscapeLeft UIInterfaceOrientationLandscapeRight";
				INFOPLIST_KEY_UISupportedInterfaceOrientations_iPhone = "UIInterfaceOrientationPortrait UIInterfaceOrientationLandscapeLeft UIInterfaceOrientationLandscapeRight";
				IPHONEOS_DEPLOYMENT_TARGET = 17.2;
				LD_RUNPATH_SEARCH_PATHS = "@executable_path/Frameworks";
				"LD_RUNPATH_SEARCH_PATHS[sdk=macosx*]" = "@executable_path/../Frameworks";
				MACOSX_DEPLOYMENT_TARGET = 14.0;
				MARKETING_VERSION = 1.0;
				PRODUCT_BUNDLE_IDENTIFIER = com.hiroakiapp.SampleToDoApp;
				PRODUCT_NAME = "$(TARGET_NAME)";
				SDKROOT = auto;
				SUPPORTED_PLATFORMS = "iphoneos iphonesimulator macosx";
				SWIFT_EMIT_LOC_STRINGS = YES;
				SWIFT_VERSION = 5.0;
				TARGETED_DEVICE_FAMILY = "1,2";
			};
			name = Debug;
		};
		53BDE2A92B80600A0078E363 /* Release */ = {
			isa = XCBuildConfiguration;
			buildSettings = {
				ASSETCATALOG_COMPILER_APPICON_NAME = AppIcon;
				ASSETCATALOG_COMPILER_GLOBAL_ACCENT_COLOR_NAME = AccentColor;
				CODE_SIGN_ENTITLEMENTS = SampleToDoApp/SampleToDoApp.entitlements;
				CODE_SIGN_STYLE = Automatic;
				CURRENT_PROJECT_VERSION = 1;
				DEVELOPMENT_ASSET_PATHS = "\"SampleToDoApp/Preview Content\"";
				DEVELOPMENT_TEAM = X5LBWH4CYQ;
				ENABLE_HARDENED_RUNTIME = YES;
				ENABLE_PREVIEWS = YES;
				GENERATE_INFOPLIST_FILE = YES;
				"INFOPLIST_KEY_UIApplicationSceneManifest_Generation[sdk=iphoneos*]" = YES;
				"INFOPLIST_KEY_UIApplicationSceneManifest_Generation[sdk=iphonesimulator*]" = YES;
				"INFOPLIST_KEY_UIApplicationSupportsIndirectInputEvents[sdk=iphoneos*]" = YES;
				"INFOPLIST_KEY_UIApplicationSupportsIndirectInputEvents[sdk=iphonesimulator*]" = YES;
				"INFOPLIST_KEY_UILaunchScreen_Generation[sdk=iphoneos*]" = YES;
				"INFOPLIST_KEY_UILaunchScreen_Generation[sdk=iphonesimulator*]" = YES;
				"INFOPLIST_KEY_UIStatusBarStyle[sdk=iphoneos*]" = UIStatusBarStyleDefault;
				"INFOPLIST_KEY_UIStatusBarStyle[sdk=iphonesimulator*]" = UIStatusBarStyleDefault;
				INFOPLIST_KEY_UISupportedInterfaceOrientations_iPad = "UIInterfaceOrientationPortrait UIInterfaceOrientationPortraitUpsideDown UIInterfaceOrientationLandscapeLeft UIInterfaceOrientationLandscapeRight";
				INFOPLIST_KEY_UISupportedInterfaceOrientations_iPhone = "UIInterfaceOrientationPortrait UIInterfaceOrientationLandscapeLeft UIInterfaceOrientationLandscapeRight";
				IPHONEOS_DEPLOYMENT_TARGET = 17.2;
				LD_RUNPATH_SEARCH_PATHS = "@executable_path/Frameworks";
				"LD_RUNPATH_SEARCH_PATHS[sdk=macosx*]" = "@executable_path/../Frameworks";
				MACOSX_DEPLOYMENT_TARGET = 14.0;
				MARKETING_VERSION = 1.0;
				PRODUCT_BUNDLE_IDENTIFIER = com.hiroakiapp.SampleToDoApp;
				PRODUCT_NAME = "$(TARGET_NAME)";
				SDKROOT = auto;
				SUPPORTED_PLATFORMS = "iphoneos iphonesimulator macosx";
				SWIFT_EMIT_LOC_STRINGS = YES;
				SWIFT_VERSION = 5.0;
				TARGETED_DEVICE_FAMILY = "1,2";
			};
			name = Release;
		};
		53BDE2AB2B80600A0078E363 /* Debug */ = {
			isa = XCBuildConfiguration;
			buildSettings = {
				ALWAYS_EMBED_SWIFT_STANDARD_LIBRARIES = YES;
				BUNDLE_LOADER = "$(TEST_HOST)";
				CODE_SIGN_STYLE = Automatic;
				CURRENT_PROJECT_VERSION = 1;
				DEVELOPMENT_TEAM = X5LBWH4CYQ;
				GENERATE_INFOPLIST_FILE = YES;
				IPHONEOS_DEPLOYMENT_TARGET = 17.2;
				MACOSX_DEPLOYMENT_TARGET = 14.2;
				MARKETING_VERSION = 1.0;
				PRODUCT_BUNDLE_IDENTIFIER = com.hiroakiapp.SampleToDoAppTests;
				PRODUCT_NAME = "$(TARGET_NAME)";
				SDKROOT = auto;
				SUPPORTED_PLATFORMS = "iphoneos iphonesimulator macosx";
				SWIFT_EMIT_LOC_STRINGS = NO;
				SWIFT_VERSION = 5.0;
				TARGETED_DEVICE_FAMILY = "1,2";
				TEST_HOST = "$(BUILT_PRODUCTS_DIR)/SampleToDoApp.app/$(BUNDLE_EXECUTABLE_FOLDER_PATH)/SampleToDoApp";
			};
			name = Debug;
		};
		53BDE2AC2B80600A0078E363 /* Release */ = {
			isa = XCBuildConfiguration;
			buildSettings = {
				ALWAYS_EMBED_SWIFT_STANDARD_LIBRARIES = YES;
				BUNDLE_LOADER = "$(TEST_HOST)";
				CODE_SIGN_STYLE = Automatic;
				CURRENT_PROJECT_VERSION = 1;
				DEVELOPMENT_TEAM = X5LBWH4CYQ;
				GENERATE_INFOPLIST_FILE = YES;
				IPHONEOS_DEPLOYMENT_TARGET = 17.2;
				MACOSX_DEPLOYMENT_TARGET = 14.2;
				MARKETING_VERSION = 1.0;
				PRODUCT_BUNDLE_IDENTIFIER = com.hiroakiapp.SampleToDoAppTests;
				PRODUCT_NAME = "$(TARGET_NAME)";
				SDKROOT = auto;
				SUPPORTED_PLATFORMS = "iphoneos iphonesimulator macosx";
				SWIFT_EMIT_LOC_STRINGS = NO;
				SWIFT_VERSION = 5.0;
				TARGETED_DEVICE_FAMILY = "1,2";
				TEST_HOST = "$(BUILT_PRODUCTS_DIR)/SampleToDoApp.app/$(BUNDLE_EXECUTABLE_FOLDER_PATH)/SampleToDoApp";
			};
			name = Release;
		};
		53BDE2AE2B80600A0078E363 /* Debug */ = {
			isa = XCBuildConfiguration;
			buildSettings = {
				ALWAYS_EMBED_SWIFT_STANDARD_LIBRARIES = YES;
				CODE_SIGN_STYLE = Automatic;
				CURRENT_PROJECT_VERSION = 1;
				DEVELOPMENT_TEAM = X5LBWH4CYQ;
				GENERATE_INFOPLIST_FILE = YES;
				IPHONEOS_DEPLOYMENT_TARGET = 17.2;
				MACOSX_DEPLOYMENT_TARGET = 14.2;
				MARKETING_VERSION = 1.0;
				PRODUCT_BUNDLE_IDENTIFIER = com.hiroakiapp.SampleToDoAppUITests;
				PRODUCT_NAME = "$(TARGET_NAME)";
				SDKROOT = auto;
				SUPPORTED_PLATFORMS = "iphoneos iphonesimulator macosx";
				SWIFT_EMIT_LOC_STRINGS = NO;
				SWIFT_VERSION = 5.0;
				TARGETED_DEVICE_FAMILY = "1,2";
				TEST_TARGET_NAME = SampleToDoApp;
			};
			name = Debug;
		};
		53BDE2AF2B80600A0078E363 /* Release */ = {
			isa = XCBuildConfiguration;
			buildSettings = {
				ALWAYS_EMBED_SWIFT_STANDARD_LIBRARIES = YES;
				CODE_SIGN_STYLE = Automatic;
				CURRENT_PROJECT_VERSION = 1;
				DEVELOPMENT_TEAM = X5LBWH4CYQ;
				GENERATE_INFOPLIST_FILE = YES;
				IPHONEOS_DEPLOYMENT_TARGET = 17.2;
				MACOSX_DEPLOYMENT_TARGET = 14.2;
				MARKETING_VERSION = 1.0;
				PRODUCT_BUNDLE_IDENTIFIER = com.hiroakiapp.SampleToDoAppUITests;
				PRODUCT_NAME = "$(TARGET_NAME)";
				SDKROOT = auto;
				SUPPORTED_PLATFORMS = "iphoneos iphonesimulator macosx";
				SWIFT_EMIT_LOC_STRINGS = NO;
				SWIFT_VERSION = 5.0;
				TARGETED_DEVICE_FAMILY = "1,2";
				TEST_TARGET_NAME = SampleToDoApp;
			};
			name = Release;
		};
/* End XCBuildConfiguration section */

/* Begin XCConfigurationList section */
		53BDE27B2B8060080078E363 /* Build configuration list for PBXProject "SampleToDoApp" */ = {
			isa = XCConfigurationList;
			buildConfigurations = (
				53BDE2A52B80600A0078E363 /* Debug */,
				53BDE2A62B80600A0078E363 /* Release */,
			);
			defaultConfigurationIsVisible = 0;
			defaultConfigurationName = Release;
		};
		53BDE2A72B80600A0078E363 /* Build configuration list for PBXNativeTarget "SampleToDoApp" */ = {
			isa = XCConfigurationList;
			buildConfigurations = (
				53BDE2A82B80600A0078E363 /* Debug */,
				53BDE2A92B80600A0078E363 /* Release */,
			);
			defaultConfigurationIsVisible = 0;
			defaultConfigurationName = Release;
		};
		53BDE2AA2B80600A0078E363 /* Build configuration list for PBXNativeTarget "SampleToDoAppTests" */ = {
			isa = XCConfigurationList;
			buildConfigurations = (
				53BDE2AB2B80600A0078E363 /* Debug */,
				53BDE2AC2B80600A0078E363 /* Release */,
			);
			defaultConfigurationIsVisible = 0;
			defaultConfigurationName = Release;
		};
		53BDE2AD2B80600A0078E363 /* Build configuration list for PBXNativeTarget "SampleToDoAppUITests" */ = {
			isa = XCConfigurationList;
			buildConfigurations = (
				53BDE2AE2B80600A0078E363 /* Debug */,
				53BDE2AF2B80600A0078E363 /* Release */,
			);
			defaultConfigurationIsVisible = 0;
			defaultConfigurationName = Release;
		};
/* End XCConfigurationList section */
	};
	rootObject = 53BDE2782B8060080078E363 /* Project object */;
}
